
Microsoft Visual Studio Solution File, Format Version 12.00
# Visual Studio Version 17
VisualStudioVersion = 17.4.33213.308
MinimumVisualStudioVersion = 10.0.40219.1
Project("{FAE04EC0-301F-11D3-BF4B-00C04F79EFBC}") = "DriverApp", "DriverApp\DriverApp.csproj", "{BDC12171-1676-4F8F-9613-3867D9336475}"
EndProject
Global
	GlobalSection(SolutionConfigurationPlatforms) = preSolution
		Debug|Any CPU = Debug|Any CPU
		Release|Any CPU = Release|Any CPU
	EndGlobalSection
	GlobalSection(ProjectConfigurationPlatforms) = postSolution
		{BDC12171-1676-4F8F-9613-3867D9336475}.Debug|Any CPU.ActiveCfg = Debug|Any CPU
		{BDC12171-1676-4F8F-9613-3867D9336475}.Debug|Any CPU.Build.0 = Debug|Any CPU
		{BDC12171-1676-4F8F-9613-3867D9336475}.Release|Any CPU.ActiveCfg = Release|Any CPU
		{BDC12171-1676-4F8F-9613-3867D9336475}.Release|Any CPU.Build.0 = Release|Any CPU
	EndGlobalSection
	GlobalSection(SolutionProperties) = preSolution
		HideSolutionNode = FALSE
	EndGlobalSection
	GlobalSection(ExtensibilityGlobals) = postSolution
		SolutionGuid = {AD1C9428-AD23-4A97-A8ED-3B563071C156}
	EndGlobalSection
EndGlobal
